
Microsoft Visual Studio Solution File, Format Version 12.00
# Visual Studio 2015
Project("{FAE04EC0-301F-11D3-BF4B-00C04F79EFBC}") = "mainScene.CSharp.Plugins", "mainScene.CSharp.Plugins.csproj", "{47452821-5F1F-31F5-CE6C-FF5BAAAC7D9F}"
EndProject
Project("{FAE04EC0-301F-11D3-BF4B-00C04F79EFBC}") = "mainScene.CSharp", "mainScene.CSharp.csproj", "{8C220EBF-6381-031A-1993-AC0EFBEF698B}"
EndProject
Project("{FAE04EC0-301F-11D3-BF4B-00C04F79EFBC}") = "mainScene.CSharp.Editor", "mainScene.CSharp.Editor.csproj", "{70436EDB-525B-DD8D-0A13-196931C3982A}"
EndProject
Global
	GlobalSection(SolutionConfigurationPlatforms) = preSolution
		Debug|Any CPU = Debug|Any CPU
		Release|Any CPU = Release|Any CPU
	EndGlobalSection
	GlobalSection(ProjectConfigurationPlatforms) = postSolution
		{47452821-5F1F-31F5-CE6C-FF5BAAAC7D9F}.Debug|Any CPU.ActiveCfg = Debug|Any CPU
		{47452821-5F1F-31F5-CE6C-FF5BAAAC7D9F}.Debug|Any CPU.Build.0 = Debug|Any CPU
		{47452821-5F1F-31F5-CE6C-FF5BAAAC7D9F}.Release|Any CPU.ActiveCfg = Release|Any CPU
		{47452821-5F1F-31F5-CE6C-FF5BAAAC7D9F}.Release|Any CPU.Build.0 = Release|Any CPU
		{8C220EBF-6381-031A-1993-AC0EFBEF698B}.Debug|Any CPU.ActiveCfg = Debug|Any CPU
		{8C220EBF-6381-031A-1993-AC0EFBEF698B}.Debug|Any CPU.Build.0 = Debug|Any CPU
		{8C220EBF-6381-031A-1993-AC0EFBEF698B}.Release|Any CPU.ActiveCfg = Release|Any CPU
		{8C220EBF-6381-031A-1993-AC0EFBEF698B}.Release|Any CPU.Build.0 = Release|Any CPU
		{70436EDB-525B-DD8D-0A13-196931C3982A}.Debug|Any CPU.ActiveCfg = Debug|Any CPU
		{70436EDB-525B-DD8D-0A13-196931C3982A}.Debug|Any CPU.Build.0 = Debug|Any CPU
		{70436EDB-525B-DD8D-0A13-196931C3982A}.Release|Any CPU.ActiveCfg = Release|Any CPU
		{70436EDB-525B-DD8D-0A13-196931C3982A}.Release|Any CPU.Build.0 = Release|Any CPU
	EndGlobalSection
	GlobalSection(SolutionProperties) = preSolution
		HideSolutionNode = FALSE
	EndGlobalSection
EndGlobal
