
Microsoft Visual Studio Solution File, Format Version 12.00
# Visual Studio 2015
Project("{FAE04EC0-301F-11D3-BF4B-00C04F79EFBC}") = "oculus-haunted-house.Plugins", "oculus-haunted-house.Plugins.csproj", "{99496C4C-56BC-106A-9483-F71D7C4BF024}"
EndProject
Project("{FAE04EC0-301F-11D3-BF4B-00C04F79EFBC}") = "oculus-haunted-house.Editor.Plugins", "oculus-haunted-house.Editor.Plugins.csproj", "{507D7147-0A3C-86D7-1B7A-50956FCF6D11}"
EndProject
Global
	GlobalSection(SolutionConfigurationPlatforms) = preSolution
		Debug|Any CPU = Debug|Any CPU
		Release|Any CPU = Release|Any CPU
	EndGlobalSection
	GlobalSection(ProjectConfigurationPlatforms) = postSolution
		{99496C4C-56BC-106A-9483-F71D7C4BF024}.Debug|Any CPU.ActiveCfg = Debug|Any CPU
		{99496C4C-56BC-106A-9483-F71D7C4BF024}.Debug|Any CPU.Build.0 = Debug|Any CPU
		{99496C4C-56BC-106A-9483-F71D7C4BF024}.Release|Any CPU.ActiveCfg = Release|Any CPU
		{99496C4C-56BC-106A-9483-F71D7C4BF024}.Release|Any CPU.Build.0 = Release|Any CPU
		{507D7147-0A3C-86D7-1B7A-50956FCF6D11}.Debug|Any CPU.ActiveCfg = Debug|Any CPU
		{507D7147-0A3C-86D7-1B7A-50956FCF6D11}.Debug|Any CPU.Build.0 = Debug|Any CPU
		{507D7147-0A3C-86D7-1B7A-50956FCF6D11}.Release|Any CPU.ActiveCfg = Release|Any CPU
		{507D7147-0A3C-86D7-1B7A-50956FCF6D11}.Release|Any CPU.Build.0 = Release|Any CPU
	EndGlobalSection
	GlobalSection(SolutionProperties) = preSolution
		HideSolutionNode = FALSE
	EndGlobalSection
EndGlobal
